
Microsoft Visual Studio Solution File, Format Version 12.00
# Visual Studio Version 16
VisualStudioVersion = 16.0.32510.428
MinimumVisualStudioVersion = 10.0.40219.1
Project("{FAE04EC0-301F-11D3-BF4B-00C04F79EFBC}") = "Oop", "Oop\Oop.csproj", "{815ABB93-F2E1-46FD-A9A2-5463F24D68D4}"
EndProject
Global
	GlobalSection(SolutionConfigurationPlatforms) = preSolution
		Debug|Any CPU = Debug|Any CPU
		Release|Any CPU = Release|Any CPU
	EndGlobalSection
	GlobalSection(ProjectConfigurationPlatforms) = postSolution
		{815ABB93-F2E1-46FD-A9A2-5463F24D68D4}.Debug|Any CPU.ActiveCfg = Debug|Any CPU
		{815ABB93-F2E1-46FD-A9A2-5463F24D68D4}.Debug|Any CPU.Build.0 = Debug|Any CPU
		{815ABB93-F2E1-46FD-A9A2-5463F24D68D4}.Release|Any CPU.ActiveCfg = Release|Any CPU
		{815ABB93-F2E1-46FD-A9A2-5463F24D68D4}.Release|Any CPU.Build.0 = Release|Any CPU
	EndGlobalSection
	GlobalSection(SolutionProperties) = preSolution
		HideSolutionNode = FALSE
	EndGlobalSection
	GlobalSection(ExtensibilityGlobals) = postSolution
		SolutionGuid = {E40651AA-24B2-473A-92BA-75D182BD6005}
	EndGlobalSection
EndGlobal
